
Microsoft Visual Studio Solution File, Format Version 12.00
# Visual Studio Version 16
VisualStudioVersion = 16.0.32106.194
MinimumVisualStudioVersion = 10.0.40219.1
Project("{FAE04EC0-301F-11D3-BF4B-00C04F79EFBC}") = "Tech Assignment T2", "Tech Assignment T2.csproj", "{873A0A7C-FA55-4191-91B4-07E41F9929DB}"
EndProject
Global
	GlobalSection(SolutionConfigurationPlatforms) = preSolution
		Debug|Any CPU = Debug|Any CPU
		Release|Any CPU = Release|Any CPU
	EndGlobalSection
	GlobalSection(ProjectConfigurationPlatforms) = postSolution
		{873A0A7C-FA55-4191-91B4-07E41F9929DB}.Debug|Any CPU.ActiveCfg = Debug|Any CPU
		{873A0A7C-FA55-4191-91B4-07E41F9929DB}.Debug|Any CPU.Build.0 = Debug|Any CPU
		{873A0A7C-FA55-4191-91B4-07E41F9929DB}.Release|Any CPU.ActiveCfg = Release|Any CPU
		{873A0A7C-FA55-4191-91B4-07E41F9929DB}.Release|Any CPU.Build.0 = Release|Any CPU
	EndGlobalSection
	GlobalSection(SolutionProperties) = preSolution
		HideSolutionNode = FALSE
	EndGlobalSection
	GlobalSection(ExtensibilityGlobals) = postSolution
		SolutionGuid = {157FB1E5-EDF4-48E6-98F2-DD7E9E150E8D}
	EndGlobalSection
EndGlobal
